
Microsoft Visual Studio Solution File, Format Version 12.00
# Visual Studio Version 16
VisualStudioVersion = 16.0.31624.102
MinimumVisualStudioVersion = 10.0.40219.1
Project("{FAE04EC0-301F-11D3-BF4B-00C04F79EFBC}") = "TreesCounter", "TreesCounter\TreesCounter.csproj", "{C855DA1A-FFB3-4F61-B216-ED26D36BFAFC}"
EndProject
Project("{E53339B2-1760-4266-BCC7-CA923CBCF16C}") = "docker-compose", "docker-compose.dcproj", "{B81FF45D-9D7E-4F43-BFBA-3321FE28091C}"
EndProject
Global
	GlobalSection(SolutionConfigurationPlatforms) = preSolution
		Debug|Any CPU = Debug|Any CPU
		Release|Any CPU = Release|Any CPU
	EndGlobalSection
	GlobalSection(ProjectConfigurationPlatforms) = postSolution
		{C855DA1A-FFB3-4F61-B216-ED26D36BFAFC}.Debug|Any CPU.ActiveCfg = Debug|Any CPU
		{C855DA1A-FFB3-4F61-B216-ED26D36BFAFC}.Debug|Any CPU.Build.0 = Debug|Any CPU
		{C855DA1A-FFB3-4F61-B216-ED26D36BFAFC}.Release|Any CPU.ActiveCfg = Release|Any CPU
		{C855DA1A-FFB3-4F61-B216-ED26D36BFAFC}.Release|Any CPU.Build.0 = Release|Any CPU
		{B81FF45D-9D7E-4F43-BFBA-3321FE28091C}.Debug|Any CPU.ActiveCfg = Debug|Any CPU
		{B81FF45D-9D7E-4F43-BFBA-3321FE28091C}.Debug|Any CPU.Build.0 = Debug|Any CPU
		{B81FF45D-9D7E-4F43-BFBA-3321FE28091C}.Release|Any CPU.ActiveCfg = Release|Any CPU
		{B81FF45D-9D7E-4F43-BFBA-3321FE28091C}.Release|Any CPU.Build.0 = Release|Any CPU
	EndGlobalSection
	GlobalSection(SolutionProperties) = preSolution
		HideSolutionNode = FALSE
	EndGlobalSection
	GlobalSection(ExtensibilityGlobals) = postSolution
		SolutionGuid = {23FBC146-B62B-4682-AE4C-6F417175111D}
	EndGlobalSection
EndGlobal
